
Microsoft Visual Studio Solution File, Format Version 12.00
# Visual Studio 15
VisualStudioVersion = 15.0.26430.6
MinimumVisualStudioVersion = 10.0.40219.1
Project("{FAE04EC0-301F-11D3-BF4B-00C04F79EFBC}") = "Quản lí lịch trình tài xế", "Quản lí lịch trình tài xế\Quản lí lịch trình tài xế.csproj", "{C9A48138-9541-4A7C-BE6A-F922659F40DD}"
EndProject
Project("{FAE04EC0-301F-11D3-BF4B-00C04F79EFBC}") = "DTO", "DTO\DTO.csproj", "{AE9FE71D-F81F-4378-80D8-213241F982C0}"
EndProject
Project("{FAE04EC0-301F-11D3-BF4B-00C04F79EFBC}") = "DAO", "DAO\DAO.csproj", "{F4D1B537-2952-4920-8B55-36460C095423}"
EndProject
Project("{FAE04EC0-301F-11D3-BF4B-00C04F79EFBC}") = "BUS", "BUS\BUS.csproj", "{250462E0-AAE1-44FC-8319-C93509F0D917}"
EndProject
Global
	GlobalSection(SolutionConfigurationPlatforms) = preSolution
		Debug|Any CPU = Debug|Any CPU
		Release|Any CPU = Release|Any CPU
	EndGlobalSection
	GlobalSection(ProjectConfigurationPlatforms) = postSolution
		{C9A48138-9541-4A7C-BE6A-F922659F40DD}.Debug|Any CPU.ActiveCfg = Debug|Any CPU
		{C9A48138-9541-4A7C-BE6A-F922659F40DD}.Debug|Any CPU.Build.0 = Debug|Any CPU
		{C9A48138-9541-4A7C-BE6A-F922659F40DD}.Release|Any CPU.ActiveCfg = Release|Any CPU
		{C9A48138-9541-4A7C-BE6A-F922659F40DD}.Release|Any CPU.Build.0 = Release|Any CPU
		{AE9FE71D-F81F-4378-80D8-213241F982C0}.Debug|Any CPU.ActiveCfg = Debug|Any CPU
		{AE9FE71D-F81F-4378-80D8-213241F982C0}.Debug|Any CPU.Build.0 = Debug|Any CPU
		{AE9FE71D-F81F-4378-80D8-213241F982C0}.Release|Any CPU.ActiveCfg = Release|Any CPU
		{AE9FE71D-F81F-4378-80D8-213241F982C0}.Release|Any CPU.Build.0 = Release|Any CPU
		{F4D1B537-2952-4920-8B55-36460C095423}.Debug|Any CPU.ActiveCfg = Debug|Any CPU
		{F4D1B537-2952-4920-8B55-36460C095423}.Debug|Any CPU.Build.0 = Debug|Any CPU
		{F4D1B537-2952-4920-8B55-36460C095423}.Release|Any CPU.ActiveCfg = Release|Any CPU
		{F4D1B537-2952-4920-8B55-36460C095423}.Release|Any CPU.Build.0 = Release|Any CPU
		{250462E0-AAE1-44FC-8319-C93509F0D917}.Debug|Any CPU.ActiveCfg = Debug|Any CPU
		{250462E0-AAE1-44FC-8319-C93509F0D917}.Debug|Any CPU.Build.0 = Debug|Any CPU
		{250462E0-AAE1-44FC-8319-C93509F0D917}.Release|Any CPU.ActiveCfg = Release|Any CPU
		{250462E0-AAE1-44FC-8319-C93509F0D917}.Release|Any CPU.Build.0 = Release|Any CPU
	EndGlobalSection
	GlobalSection(SolutionProperties) = preSolution
		HideSolutionNode = FALSE
	EndGlobalSection
EndGlobal
